
Microsoft Visual Studio Solution File, Format Version 12.00
# Visual Studio Version 17
VisualStudioVersion = 17.11.35222.181
MinimumVisualStudioVersion = 10.0.40219.1
Project("{FAE04EC0-301F-11D3-BF4B-00C04F79EFBC}") = "MusikkApi", "MusikkApi\MusikkApi.csproj", "{61427603-D6BC-4571-A27F-F3A61E87D04B}"
EndProject
Project("{FAE04EC0-301F-11D3-BF4B-00C04F79EFBC}") = "MusikkApi.IntegrationTests", "MusikkApi.IntegrationTests\MusikkApi.IntegrationTests.csproj", "{1543BFC2-B89E-43F9-AA30-4EE292B908E7}"
EndProject
Global
	GlobalSection(SolutionConfigurationPlatforms) = preSolution
		Debug|Any CPU = Debug|Any CPU
		Release|Any CPU = Release|Any CPU
	EndGlobalSection
	GlobalSection(ProjectConfigurationPlatforms) = postSolution
		{61427603-D6BC-4571-A27F-F3A61E87D04B}.Debug|Any CPU.ActiveCfg = Debug|Any CPU
		{61427603-D6BC-4571-A27F-F3A61E87D04B}.Debug|Any CPU.Build.0 = Debug|Any CPU
		{61427603-D6BC-4571-A27F-F3A61E87D04B}.Release|Any CPU.ActiveCfg = Release|Any CPU
		{61427603-D6BC-4571-A27F-F3A61E87D04B}.Release|Any CPU.Build.0 = Release|Any CPU
		{1543BFC2-B89E-43F9-AA30-4EE292B908E7}.Debug|Any CPU.ActiveCfg = Debug|Any CPU
		{1543BFC2-B89E-43F9-AA30-4EE292B908E7}.Debug|Any CPU.Build.0 = Debug|Any CPU
		{1543BFC2-B89E-43F9-AA30-4EE292B908E7}.Release|Any CPU.ActiveCfg = Release|Any CPU
		{1543BFC2-B89E-43F9-AA30-4EE292B908E7}.Release|Any CPU.Build.0 = Release|Any CPU
	EndGlobalSection
	GlobalSection(SolutionProperties) = preSolution
		HideSolutionNode = FALSE
	EndGlobalSection
	GlobalSection(ExtensibilityGlobals) = postSolution
		SolutionGuid = {0EB235CB-DE0D-4C3F-AE67-48E8ADFAA4B9}
	EndGlobalSection
EndGlobal
